
Microsoft Visual Studio Solution File, Format Version 12.00
# Visual Studio Version 17
VisualStudioVersion = 17.0.32126.317
MinimumVisualStudioVersion = 10.0.40219.1
Project("{FAE04EC0-301F-11D3-BF4B-00C04F79EFBC}") = "POOConcepts", "ConsoleApp1\POOConcepts.csproj", "{6DE67959-57FF-4EA9-AAF1-BBFEF33353F3}"
EndProject
Global
	GlobalSection(SolutionConfigurationPlatforms) = preSolution
		Debug|Any CPU = Debug|Any CPU
		Release|Any CPU = Release|Any CPU
	EndGlobalSection
	GlobalSection(ProjectConfigurationPlatforms) = postSolution
		{6DE67959-57FF-4EA9-AAF1-BBFEF33353F3}.Debug|Any CPU.ActiveCfg = Debug|Any CPU
		{6DE67959-57FF-4EA9-AAF1-BBFEF33353F3}.Debug|Any CPU.Build.0 = Debug|Any CPU
		{6DE67959-57FF-4EA9-AAF1-BBFEF33353F3}.Release|Any CPU.ActiveCfg = Release|Any CPU
		{6DE67959-57FF-4EA9-AAF1-BBFEF33353F3}.Release|Any CPU.Build.0 = Release|Any CPU
	EndGlobalSection
	GlobalSection(SolutionProperties) = preSolution
		HideSolutionNode = FALSE
	EndGlobalSection
	GlobalSection(ExtensibilityGlobals) = postSolution
		SolutionGuid = {89D8CFB7-1DA4-4846-ACC0-AE327FA8EAE6}
	EndGlobalSection
EndGlobal
